// !$*UTF8*$!
{
	archiveVersion = 1;
	classes = {
	};
	objectVersion = 50;
	objects = {

/* Begin PBXBuildFile section */
		9BA7CE4B211CBC7C005CC450 /* ElectricityBill.swift in Sources */ = {isa = PBXBuildFile; fileRef = 9BA7CE4A211CBC7C005CC450 /* ElectricityBill.swift */; };
		9BDB500F211B66F70090322B /* AppDelegate.swift in Sources */ = {isa = PBXBuildFile; fileRef = 9BDB500E211B66F70090322B /* AppDelegate.swift */; };
		9BDB5011211B66F70090322B /* splashViewController.swift in Sources */ = {isa = PBXBuildFile; fileRef = 9BDB5010211B66F70090322B /* splashViewController.swift */; };
		9BDB5014211B66F70090322B /* Main.storyboard in Resources */ = {isa = PBXBuildFile; fileRef = 9BDB5012211B66F70090322B /* Main.storyboard */; };
		9BDB5016211B66F80090322B /* Assets.xcassets in Resources */ = {isa = PBXBuildFile; fileRef = 9BDB5015211B66F80090322B /* Assets.xcassets */; };
		9BDB5019211B66F80090322B /* LaunchScreen.storyboard in Resources */ = {isa = PBXBuildFile; fileRef = 9BDB5017211B66F80090322B /* LaunchScreen.storyboard */; };
		9BDB5029211B766A0090322B /* LoginViewController.swift in Sources */ = {isa = PBXBuildFile; fileRef = 9BDB5028211B766A0090322B /* LoginViewController.swift */; };
		9BDB502B211B76890090322B /* ElectricityBillViewController.swift in Sources */ = {isa = PBXBuildFile; fileRef = 9BDB502A211B76890090322B /* ElectricityBillViewController.swift */; };
		9BDB502D211B76D00090322B /* BillDetailViewController.swift in Sources */ = {isa = PBXBuildFile; fileRef = 9BDB502C211B76D00090322B /* BillDetailViewController.swift */; };
/* End PBXBuildFile section */

/* Begin PBXFileReference section */
		9BA7CE4A211CBC7C005CC450 /* ElectricityBill.swift */ = {isa = PBXFileReference; lastKnownFileType = sourcecode.swift; path = ElectricityBill.swift; sourceTree = "<group>"; };
		9BDB500B211B66F70090322B /* ElectricityBillcalculation.app */ = {isa = PBXFileReference; explicitFileType = wrapper.application; includeInIndex = 0; path = ElectricityBillcalculation.app; sourceTree = BUILT_PRODUCTS_DIR; };
		9BDB500E211B66F70090322B /* AppDelegate.swift */ = {isa = PBXFileReference; lastKnownFileType = sourcecode.swift; path = AppDelegate.swift; sourceTree = "<group>"; };
		9BDB5010211B66F70090322B /* splashViewController.swift */ = {isa = PBXFileReference; lastKnownFileType = sourcecode.swift; path = splashViewController.swift; sourceTree = "<group>"; };
		9BDB5013211B66F70090322B /* Base */ = {isa = PBXFileReference; lastKnownFileType = file.storyboard; name = Base; path = Base.lproj/Main.storyboard; sourceTree = "<group>"; };
		9BDB5015211B66F80090322B /* Assets.xcassets */ = {isa = PBXFileReference; lastKnownFileType = folder.assetcatalog; path = Assets.xcassets; sourceTree = "<group>"; };
		9BDB5018211B66F80090322B /* Base */ = {isa = PBXFileReference; lastKnownFileType = file.storyboard; name = Base; path = Base.lproj/LaunchScreen.storyboard; sourceTree = "<group>"; };
		9BDB501A211B66F80090322B /* Info.plist */ = {isa = PBXFileReference; lastKnownFileType = text.plist.xml; path = Info.plist; sourceTree = "<group>"; };
		9BDB5028211B766A0090322B /* LoginViewController.swift */ = {isa = PBXFileReference; lastKnownFileType = sourcecode.swift; path = LoginViewController.swift; sourceTree = "<group>"; };
		9BDB502A211B76890090322B /* ElectricityBillViewController.swift */ = {isa = PBXFileReference; lastKnownFileType = sourcecode.swift; path = ElectricityBillViewController.swift; sourceTree = "<group>"; };
		9BDB502C211B76D00090322B /* BillDetailViewController.swift */ = {isa = PBXFileReference; lastKnownFileType = sourcecode.swift; path = BillDetailViewController.swift; sourceTree = "<group>"; };
/* End PBXFileReference section */

/* Begin PBXFrameworksBuildPhase section */
		9BDB5008211B66F70090322B /* Frameworks */ = {
			isa = PBXFrameworksBuildPhase;
			buildActionMask = 2147483647;
			files = (
			);
			runOnlyForDeploymentPostprocessing = 0;
		};
/* End PBXFrameworksBuildPhase section */

/* Begin PBXGroup section */
		9BDB5002211B66F70090322B = {
			isa = PBXGroup;
			children = (
				9BDB500D211B66F70090322B /* ElectricityBillcalculation */,
				9BDB500C211B66F70090322B /* Products */,
			);
			sourceTree = "<group>";
		};
		9BDB500C211B66F70090322B /* Products */ = {
			isa = PBXGroup;
			children = (
				9BDB500B211B66F70090322B /* ElectricityBillcalculation.app */,
			);
			name = Products;
			sourceTree = "<group>";
		};
		9BDB500D211B66F70090322B /* ElectricityBillcalculation */ = {
			isa = PBXGroup;
			children = (
				9BDB500E211B66F70090322B /* AppDelegate.swift */,
				9BDB5010211B66F70090322B /* splashViewController.swift */,
				9BDB5012211B66F70090322B /* Main.storyboard */,
				9BDB5015211B66F80090322B /* Assets.xcassets */,
				9BDB5017211B66F80090322B /* LaunchScreen.storyboard */,
				9BDB501A211B66F80090322B /* Info.plist */,
				9BDB5028211B766A0090322B /* LoginViewController.swift */,
				9BDB502A211B76890090322B /* ElectricityBillViewController.swift */,
				9BDB502C211B76D00090322B /* BillDetailViewController.swift */,
				9BA7CE4A211CBC7C005CC450 /* ElectricityBill.swift */,
			);
			path = ElectricityBillcalculation;
			sourceTree = "<group>";
		};
/* End PBXGroup section */

/* Begin PBXNativeTarget section */
		9BDB500A211B66F70090322B /* ElectricityBillcalculation */ = {
			isa = PBXNativeTarget;
			buildConfigurationList = 9BDB501D211B66F80090322B /* Build configuration list for PBXNativeTarget "ElectricityBillcalculation" */;
			buildPhases = (
				9BDB5007211B66F70090322B /* Sources */,
				9BDB5008211B66F70090322B /* Frameworks */,
				9BDB5009211B66F70090322B /* Resources */,
			);
			buildRules = (
			);
			dependencies = (
			);
			name = ElectricityBillcalculation;
			productName = ElectricityBillcalculation;
			productReference = 9BDB500B211B66F70090322B /* ElectricityBillcalculation.app */;
			productType = "com.apple.product-type.application";
		};
/* End PBXNativeTarget section */

/* Begin PBXProject section */
		9BDB5003211B66F70090322B /* Project object */ = {
			isa = PBXProject;
			attributes = {
				LastSwiftUpdateCheck = 0930;
				LastUpgradeCheck = 0930;
				ORGANIZATIONNAME = MacStudent;
				TargetAttributes = {
					9BDB500A211B66F70090322B = {
						CreatedOnToolsVersion = 9.3;
					};
				};
			};
			buildConfigurationList = 9BDB5006211B66F70090322B /* Build configuration list for PBXProject "ElectricityBillcalculation" */;
			compatibilityVersion = "Xcode 9.3";
			developmentRegion = en;
			hasScannedForEncodings = 0;
			knownRegions = (
				en,
				Base,
			);
			mainGroup = 9BDB5002211B66F70090322B;
			productRefGroup = 9BDB500C211B66F70090322B /* Products */;
			projectDirPath = "";
			projectRoot = "";
			targets = (
				9BDB500A211B66F70090322B /* ElectricityBillcalculation */,
			);
		};
/* End PBXProject section */

/* Begin PBXResourcesBuildPhase section */
		9BDB5009211B66F70090322B /* Resources */ = {
			isa = PBXResourcesBuildPhase;
			buildActionMask = 2147483647;
			files = (
				9BDB5019211B66F80090322B /* LaunchScreen.storyboard in Resources */,
				9BDB5016211B66F80090322B /* Assets.xcassets in Resources */,
				9BDB5014211B66F70090322B /* Main.storyboard in Resources */,
			);
			runOnlyForDeploymentPostprocessing = 0;
		};
/* End PBXResourcesBuildPhase section */

/* Begin PBXSourcesBuildPhase section */
		9BDB5007211B66F70090322B /* Sources */ = {
			isa = PBXSourcesBuildPhase;
			buildActionMask = 2147483647;
			files = (
				9BA7CE4B211CBC7C005CC450 /* ElectricityBill.swift in Sources */,
				9BDB5029211B766A0090322B /* LoginViewController.swift in Sources */,
				9BDB502D211B76D00090322B /* BillDetailViewController.swift in Sources */,
				9BDB502B211B76890090322B /* ElectricityBillViewController.swift in Sources */,
				9BDB5011211B66F70090322B /* splashViewController.swift in Sources */,
				9BDB500F211B66F70090322B /* AppDelegate.swift in Sources */,
			);
			runOnlyForDeploymentPostprocessing = 0;
		};
/* End PBXSourcesBuildPhase section */

/* Begin PBXVariantGroup section */
		9BDB5012211B66F70090322B /* Main.storyboard */ = {
			isa = PBXVariantGroup;
			children = (
				9BDB5013211B66F70090322B /* Base */,
			);
			name = Main.storyboard;
			sourceTree = "<group>";
		};
		9BDB5017211B66F80090322B /* LaunchScreen.storyboard */ = {
			isa = PBXVariantGroup;
			children = (
				9BDB5018211B66F80090322B /* Base */,
			);
			name = LaunchScreen.storyboard;
			sourceTree = "<group>";
		};
/* End PBXVariantGroup section */

/* Begin XCBuildConfiguration section */
		9BDB501B211B66F80090322B /* Debug */ = {
			isa = XCBuildConfiguration;
			buildSettings = {
				ALWAYS_SEARCH_USER_PATHS = NO;
				CLANG_ANALYZER_NONNULL = YES;
				CLANG_ANALYZER_NUMBER_OBJECT_CONVERSION = YES_AGGRESSIVE;
				CLANG_CXX_LANGUAGE_STANDARD = "gnu++14";
				CLANG_CXX_LIBRARY = "libc++";
				CLANG_ENABLE_MODULES = YES;
				CLANG_ENABLE_OBJC_ARC = YES;
				CLANG_ENABLE_OBJC_WEAK = YES;
				CLANG_WARN_BLOCK_CAPTURE_AUTORELEASING = YES;
				CLANG_WARN_BOOL_CONVERSION = YES;
				CLANG_WARN_COMMA = YES;
				CLANG_WARN_CONSTANT_CONVERSION = YES;
				CLANG_WARN_DEPRECATED_OBJC_IMPLEMENTATIONS = YES;
				CLANG_WARN_DIRECT_OBJC_ISA_USAGE = YES_ERROR;
				CLANG_WARN_DOCUMENTATION_COMMENTS = YES;
				CLANG_WARN_EMPTY_BODY = YES;
				CLANG_WARN_ENUM_CONVERSION = YES;
				CLANG_WARN_INFINITE_RECURSION = YES;
				CLANG_WARN_INT_CONVERSION = YES;
				CLANG_WARN_NON_LITERAL_NULL_CONVERSION = YES;
				CLANG_WARN_OBJC_IMPLICIT_RETAIN_SELF = YES;
				CLANG_WARN_OBJC_LITERAL_CONVERSION = YES;
				CLANG_WARN_OBJC_ROOT_CLASS = YES_ERROR;
				CLANG_WARN_RANGE_LOOP_ANALYSIS = YES;
				CLANG_WARN_STRICT_PROTOTYPES = YES;
				CLANG_WARN_SUSPICIOUS_MOVE = YES;
				CLANG_WARN_UNGUARDED_AVAILABILITY = YES_AGGRESSIVE;
				CLANG_WARN_UNREACHABLE_CODE = YES;
				CLANG_WARN__DUPLICATE_METHOD_MATCH = YES;
				CODE_SIGN_IDENTITY = "iPhone Developer";
				COPY_PHASE_STRIP = NO;
				DEBUG_INFORMATION_FORMAT = dwarf;
				ENABLE_STRICT_OBJC_MSGSEND = YES;
				ENABLE_TESTABILITY = YES;
				GCC_C_LANGUAGE_STANDARD = gnu11;
				GCC_DYNAMIC_NO_PIC = NO;
				GCC_NO_COMMON_BLOCKS = YES;
				GCC_OPTIMIZATION_LEVEL = 0;
				GCC_PREPROCESSOR_DEFINITIONS = (
					"DEBUG=1",
					"$(inherited)",
				);
				GCC_WARN_64_TO_32_BIT_CONVERSION = YES;
				GCC_WARN_ABOUT_RETURN_TYPE = YES_ERROR;
				GCC_WARN_UNDECLARED_SELECTOR = YES;
				GCC_WARN_UNINITIALIZED_AUTOS = YES_AGGRESSIVE;
				GCC_WARN_UNUSED_FUNCTION = YES;
				GCC_WARN_UNUSED_VARIABLE = YES;
				IPHONEOS_DEPLOYMENT_TARGET = 11.3;
				MTL_ENABLE_DEBUG_INFO = YES;
				ONLY_ACTIVE_ARCH = YES;
				SDKROOT = iphoneos;
				SWIFT_ACTIVE_COMPILATION_CONDITIONS = DEBUG;
				SWIFT_OPTIMIZATION_LEVEL = "-Onone";
			};
			name = Debug;
		};
		9BDB501C211B66F80090322B /* Release */ = {
			isa = XCBuildConfiguration;
			buildSettings = {
				ALWAYS_SEARCH_USER_PATHS = NO;
				CLANG_ANALYZER_NONNULL = YES;
				CLANG_ANALYZER_NUMBER_OBJECT_CONVERSION = YES_AGGRESSIVE;
				CLANG_CXX_LANGUAGE_STANDARD = "gnu++14";
				CLANG_CXX_LIBRARY = "libc++";
				CLANG_ENABLE_MODULES = YES;
				CLANG_ENABLE_OBJC_ARC = YES;
				CLANG_ENABLE_OBJC_WEAK = YES;
				CLANG_WARN_BLOCK_CAPTURE_AUTORELEASING = YES;
				CLANG_WARN_BOOL_CONVERSION = YES;
				CLANG_WARN_COMMA = YES;
				CLANG_WARN_CONSTANT_CONVERSION = YES;
				CLANG_WARN_DEPRECATED_OBJC_IMPLEMENTATIONS = YES;
				CLANG_WARN_DIRECT_OBJC_ISA_USAGE = YES_ERROR;
				CLANG_WARN_DOCUMENTATION_COMMENTS = YES;
				CLANG_WARN_EMPTY_BODY = YES;
				CLANG_WARN_ENUM_CONVERSION = YES;
				CLANG_WARN_INFINITE_RECURSION = YES;
				CLANG_WARN_INT_CONVERSION = YES;
				CLANG_WARN_NON_LITERAL_NULL_CONVERSION = YES;
				CLANG_WARN_OBJC_IMPLICIT_RETAIN_SELF = YES;
				CLANG_WARN_OBJC_LITERAL_CONVERSION = YES;
				CLANG_WARN_OBJC_ROOT_CLASS = YES_ERROR;
				CLANG_WARN_RANGE_LOOP_ANALYSIS = YES;
				CLANG_WARN_STRICT_PROTOTYPES = YES;
				CLANG_WARN_SUSPICIOUS_MOVE = YES;
				CLANG_WARN_UNGUARDED_AVAILABILITY = YES_AGGRESSIVE;
				CLANG_WARN_UNREACHABLE_CODE = YES;
				CLANG_WARN__DUPLICATE_METHOD_MATCH = YES;
				CODE_SIGN_IDENTITY = "iPhone Developer";
				COPY_PHASE_STRIP = NO;
				DEBUG_INFORMATION_FORMAT = "dwarf-with-dsym";
				ENABLE_NS_ASSERTIONS = NO;
				ENABLE_STRICT_OBJC_MSGSEND = YES;
				GCC_C_LANGUAGE_STANDARD = gnu11;
				GCC_NO_COMMON_BLOCKS = YES;
				GCC_WARN_64_TO_32_BIT_CONVERSION = YES;
				GCC_WARN_ABOUT_RETURN_TYPE = YES_ERROR;
				GCC_WARN_UNDECLARED_SELECTOR = YES;
				GCC_WARN_UNINITIALIZED_AUTOS = YES_AGGRESSIVE;
				GCC_WARN_UNUSED_FUNCTION = YES;
				GCC_WARN_UNUSED_VARIABLE = YES;
				IPHONEOS_DEPLOYMENT_TARGET = 11.3;
				MTL_ENABLE_DEBUG_INFO = NO;
				SDKROOT = iphoneos;
				SWIFT_COMPILATION_MODE = wholemodule;
				SWIFT_OPTIMIZATION_LEVEL = "-O";
				VALIDATE_PRODUCT = YES;
			};
			name = Release;
		};
		9BDB501E211B66F80090322B /* Debug */ = {
			isa = XCBuildConfiguration;
			buildSettings = {
				ASSETCATALOG_COMPILER_APPICON_NAME = AppIcon;
				CODE_SIGN_STYLE = Automatic;
				INFOPLIST_FILE = ElectricityBillcalculation/Info.plist;
				LD_RUNPATH_SEARCH_PATHS = (
					"$(inherited)",
					"@executable_path/Frameworks",
				);
				PRODUCT_BUNDLE_IDENTIFIER = CestarCollege.ElectricityBillcalculation;
				PRODUCT_NAME = "$(TARGET_NAME)";
				SWIFT_VERSION = 4.0;
				TARGETED_DEVICE_FAMILY = "1,2";
			};
			name = Debug;
		};
		9BDB501F211B66F80090322B /* Release */ = {
			isa = XCBuildConfiguration;
			buildSettings = {
				ASSETCATALOG_COMPILER_APPICON_NAME = AppIcon;
				CODE_SIGN_STYLE = Automatic;
				INFOPLIST_FILE = ElectricityBillcalculation/Info.plist;
				LD_RUNPATH_SEARCH_PATHS = (
					"$(inherited)",
					"@executable_path/Frameworks",
				);
				PRODUCT_BUNDLE_IDENTIFIER = CestarCollege.ElectricityBillcalculation;
				PRODUCT_NAME = "$(TARGET_NAME)";
				SWIFT_VERSION = 4.0;
				TARGETED_DEVICE_FAMILY = "1,2";
			};
			name = Release;
		};
/* End XCBuildConfiguration section */

/* Begin XCConfigurationList section */
		9BDB5006211B66F70090322B /* Build configuration list for PBXProject "ElectricityBillcalculation" */ = {
			isa = XCConfigurationList;
			buildConfigurations = (
				9BDB501B211B66F80090322B /* Debug */,
				9BDB501C211B66F80090322B /* Release */,
			);
			defaultConfigurationIsVisible = 0;
			defaultConfigurationName = Release;
		};
		9BDB501D211B66F80090322B /* Build configuration list for PBXNativeTarget "ElectricityBillcalculation" */ = {
			isa = XCConfigurationList;
			buildConfigurations = (
				9BDB501E211B66F80090322B /* Debug */,
				9BDB501F211B66F80090322B /* Release */,
			);
			defaultConfigurationIsVisible = 0;
			defaultConfigurationName = Release;
		};
/* End XCConfigurationList section */
	};
	rootObject = 9BDB5003211B66F70090322B /* Project object */;
}
